
Microsoft Visual Studio Solution File, Format Version 11.00
# Visual Studio 2010
Project("{FAE04EC0-301F-11D3-BF4B-00C04F79EFBC}") = "Photon.Contrib.Castle.AOP", "Photon.Contrib.Castle.AOP\Photon.Contrib.Castle.AOP.csproj", "{08E35CE5-AB97-4360-9D9C-DA8B396FC9D4}"
EndProject
Project("{FAE04EC0-301F-11D3-BF4B-00C04F79EFBC}") = "Photon.Contrib.Castle.AOP.Tests", "Photon.Contrib.Castle.AOP.Tests\Photon.Contrib.Castle.AOP.Tests.csproj", "{D5096544-E54E-4D50-8B6E-CACF320BC6D2}"
EndProject
Global
	GlobalSection(SolutionConfigurationPlatforms) = preSolution
		Debug|Any CPU = Debug|Any CPU
		Release|Any CPU = Release|Any CPU
	EndGlobalSection
	GlobalSection(ProjectConfigurationPlatforms) = postSolution
		{08E35CE5-AB97-4360-9D9C-DA8B396FC9D4}.Debug|Any CPU.ActiveCfg = Debug|Any CPU
		{08E35CE5-AB97-4360-9D9C-DA8B396FC9D4}.Debug|Any CPU.Build.0 = Debug|Any CPU
		{08E35CE5-AB97-4360-9D9C-DA8B396FC9D4}.Release|Any CPU.ActiveCfg = Release|Any CPU
		{08E35CE5-AB97-4360-9D9C-DA8B396FC9D4}.Release|Any CPU.Build.0 = Release|Any CPU
		{D5096544-E54E-4D50-8B6E-CACF320BC6D2}.Debug|Any CPU.ActiveCfg = Debug|Any CPU
		{D5096544-E54E-4D50-8B6E-CACF320BC6D2}.Debug|Any CPU.Build.0 = Debug|Any CPU
		{D5096544-E54E-4D50-8B6E-CACF320BC6D2}.Release|Any CPU.ActiveCfg = Release|Any CPU
		{D5096544-E54E-4D50-8B6E-CACF320BC6D2}.Release|Any CPU.Build.0 = Release|Any CPU
	EndGlobalSection
	GlobalSection(SolutionProperties) = preSolution
		HideSolutionNode = FALSE
	EndGlobalSection
EndGlobal
